// !$*UTF8*$!
{
	archiveVersion = 1;
	classes = {
	};
	objectVersion = 46;
	objects = {

/* Begin PBXBuildFile section */
		4CE67B3C1B679FDE0029E215 /* AppDelegate.swift in Sources */ = {isa = PBXBuildFile; fileRef = 4CE67B3B1B679FDE0029E215 /* AppDelegate.swift */; };
		4CE67B3E1B679FDE0029E215 /* ViewController.swift in Sources */ = {isa = PBXBuildFile; fileRef = 4CE67B3D1B679FDE0029E215 /* ViewController.swift */; };
		4CE67B411B679FDE0029E215 /* Main.storyboard in Resources */ = {isa = PBXBuildFile; fileRef = 4CE67B3F1B679FDE0029E215 /* Main.storyboard */; };
		4CE67B431B679FDE0029E215 /* Images.xcassets in Resources */ = {isa = PBXBuildFile; fileRef = 4CE67B421B679FDE0029E215 /* Images.xcassets */; };
		4CE67B461B679FDE0029E215 /* LaunchScreen.xib in Resources */ = {isa = PBXBuildFile; fileRef = 4CE67B441B679FDE0029E215 /* LaunchScreen.xib */; };
		4CE67B521B679FDE0029E215 /* another_TestTests.swift in Sources */ = {isa = PBXBuildFile; fileRef = 4CE67B511B679FDE0029E215 /* another_TestTests.swift */; };
/* End PBXBuildFile section */

/* Begin PBXContainerItemProxy section */
		4CE67B4C1B679FDE0029E215 /* PBXContainerItemProxy */ = {
			isa = PBXContainerItemProxy;
			containerPortal = 4CE67B2E1B679FDE0029E215 /* Project object */;
			proxyType = 1;
			remoteGlobalIDString = 4CE67B351B679FDE0029E215;
			remoteInfo = another_Test;
		};
/* End PBXContainerItemProxy section */

/* Begin PBXFileReference section */
		4CE67B361B679FDE0029E215 /* another_Test.app */ = {isa = PBXFileReference; explicitFileType = wrapper.application; includeInIndex = 0; path = another_Test.app; sourceTree = BUILT_PRODUCTS_DIR; };
		4CE67B3A1B679FDE0029E215 /* Info.plist */ = {isa = PBXFileReference; lastKnownFileType = text.plist.xml; path = Info.plist; sourceTree = "<group>"; };
		4CE67B3B1B679FDE0029E215 /* AppDelegate.swift */ = {isa = PBXFileReference; lastKnownFileType = sourcecode.swift; path = AppDelegate.swift; sourceTree = "<group>"; };
		4CE67B3D1B679FDE0029E215 /* ViewController.swift */ = {isa = PBXFileReference; lastKnownFileType = sourcecode.swift; path = ViewController.swift; sourceTree = "<group>"; };
		4CE67B401B679FDE0029E215 /* Base */ = {isa = PBXFileReference; lastKnownFileType = file.storyboard; name = Base; path = Base.lproj/Main.storyboard; sourceTree = "<group>"; };
		4CE67B421B679FDE0029E215 /* Images.xcassets */ = {isa = PBXFileReference; lastKnownFileType = folder.assetcatalog; path = Images.xcassets; sourceTree = "<group>"; };
		4CE67B451B679FDE0029E215 /* Base */ = {isa = PBXFileReference; lastKnownFileType = file.xib; name = Base; path = Base.lproj/LaunchScreen.xib; sourceTree = "<group>"; };
		4CE67B4B1B679FDE0029E215 /* another_TestTests.xctest */ = {isa = PBXFileReference; explicitFileType = wrapper.cfbundle; includeInIndex = 0; path = another_TestTests.xctest; sourceTree = BUILT_PRODUCTS_DIR; };
		4CE67B501B679FDE0029E215 /* Info.plist */ = {isa = PBXFileReference; lastKnownFileType = text.plist.xml; path = Info.plist; sourceTree = "<group>"; };
		4CE67B511B679FDE0029E215 /* another_TestTests.swift */ = {isa = PBXFileReference; lastKnownFileType = sourcecode.swift; path = another_TestTests.swift; sourceTree = "<group>"; };
/* End PBXFileReference section */

/* Begin PBXFrameworksBuildPhase section */
		4CE67B331B679FDE0029E215 /* Frameworks */ = {
			isa = PBXFrameworksBuildPhase;
			buildActionMask = 2147483647;
			files = (
			);
			runOnlyForDeploymentPostprocessing = 0;
		};
		4CE67B481B679FDE0029E215 /* Frameworks */ = {
			isa = PBXFrameworksBuildPhase;
			buildActionMask = 2147483647;
			files = (
			);
			runOnlyForDeploymentPostprocessing = 0;
		};
/* End PBXFrameworksBuildPhase section */

/* Begin PBXGroup section */
		4CE67B2D1B679FDE0029E215 = {
			isa = PBXGroup;
			children = (
				4CE67B381B679FDE0029E215 /* another_Test */,
				4CE67B4E1B679FDE0029E215 /* another_TestTests */,
				4CE67B371B679FDE0029E215 /* Products */,
			);
			sourceTree = "<group>";
		};
		4CE67B371B679FDE0029E215 /* Products */ = {
			isa = PBXGroup;
			children = (
				4CE67B361B679FDE0029E215 /* another_Test.app */,
				4CE67B4B1B679FDE0029E215 /* another_TestTests.xctest */,
			);
			name = Products;
			sourceTree = "<group>";
		};
		4CE67B381B679FDE0029E215 /* another_Test */ = {
			isa = PBXGroup;
			children = (
				4CE67B3B1B679FDE0029E215 /* AppDelegate.swift */,
				4CE67B3D1B679FDE0029E215 /* ViewController.swift */,
				4CE67B3F1B679FDE0029E215 /* Main.storyboard */,
				4CE67B421B679FDE0029E215 /* Images.xcassets */,
				4CE67B441B679FDE0029E215 /* LaunchScreen.xib */,
				4CE67B391B679FDE0029E215 /* Supporting Files */,
			);
			path = another_Test;
			sourceTree = "<group>";
		};
		4CE67B391B679FDE0029E215 /* Supporting Files */ = {
			isa = PBXGroup;
			children = (
				4CE67B3A1B679FDE0029E215 /* Info.plist */,
			);
			name = "Supporting Files";
			sourceTree = "<group>";
		};
		4CE67B4E1B679FDE0029E215 /* another_TestTests */ = {
			isa = PBXGroup;
			children = (
				4CE67B511B679FDE0029E215 /* another_TestTests.swift */,
				4CE67B4F1B679FDE0029E215 /* Supporting Files */,
			);
			path = another_TestTests;
			sourceTree = "<group>";
		};
		4CE67B4F1B679FDE0029E215 /* Supporting Files */ = {
			isa = PBXGroup;
			children = (
				4CE67B501B679FDE0029E215 /* Info.plist */,
			);
			name = "Supporting Files";
			sourceTree = "<group>";
		};
/* End PBXGroup section */

/* Begin PBXNativeTarget section */
		4CE67B351B679FDE0029E215 /* another_Test */ = {
			isa = PBXNativeTarget;
			buildConfigurationList = 4CE67B551B679FDE0029E215 /* Build configuration list for PBXNativeTarget "another_Test" */;
			buildPhases = (
				4CE67B321B679FDE0029E215 /* Sources */,
				4CE67B331B679FDE0029E215 /* Frameworks */,
				4CE67B341B679FDE0029E215 /* Resources */,
			);
			buildRules = (
			);
			dependencies = (
			);
			name = another_Test;
			productName = another_Test;
			productReference = 4CE67B361B679FDE0029E215 /* another_Test.app */;
			productType = "com.apple.product-type.application";
		};
		4CE67B4A1B679FDE0029E215 /* another_TestTests */ = {
			isa = PBXNativeTarget;
			buildConfigurationList = 4CE67B581B679FDE0029E215 /* Build configuration list for PBXNativeTarget "another_TestTests" */;
			buildPhases = (
				4CE67B471B679FDE0029E215 /* Sources */,
				4CE67B481B679FDE0029E215 /* Frameworks */,
				4CE67B491B679FDE0029E215 /* Resources */,
			);
			buildRules = (
			);
			dependencies = (
				4CE67B4D1B679FDE0029E215 /* PBXTargetDependency */,
			);
			name = another_TestTests;
			productName = another_TestTests;
			productReference = 4CE67B4B1B679FDE0029E215 /* another_TestTests.xctest */;
			productType = "com.apple.product-type.bundle.unit-test";
		};
/* End PBXNativeTarget section */

/* Begin PBXProject section */
		4CE67B2E1B679FDE0029E215 /* Project object */ = {
			isa = PBXProject;
			attributes = {
				LastUpgradeCheck = 0640;
				ORGANIZATIONNAME = "Keshav Karupiah";
				TargetAttributes = {
					4CE67B351B679FDE0029E215 = {
						CreatedOnToolsVersion = 6.4;
					};
					4CE67B4A1B679FDE0029E215 = {
						CreatedOnToolsVersion = 6.4;
						TestTargetID = 4CE67B351B679FDE0029E215;
					};
				};
			};
			buildConfigurationList = 4CE67B311B679FDE0029E215 /* Build configuration list for PBXProject "another_Test" */;
			compatibilityVersion = "Xcode 3.2";
			developmentRegion = English;
			hasScannedForEncodings = 0;
			knownRegions = (
				en,
				Base,
			);
			mainGroup = 4CE67B2D1B679FDE0029E215;
			productRefGroup = 4CE67B371B679FDE0029E215 /* Products */;
			projectDirPath = "";
			projectRoot = "";
			targets = (
				4CE67B351B679FDE0029E215 /* another_Test */,
				4CE67B4A1B679FDE0029E215 /* another_TestTests */,
			);
		};
/* End PBXProject section */

/* Begin PBXResourcesBuildPhase section */
		4CE67B341B679FDE0029E215 /* Resources */ = {
			isa = PBXResourcesBuildPhase;
			buildActionMask = 2147483647;
			files = (
				4CE67B411B679FDE0029E215 /* Main.storyboard in Resources */,
				4CE67B461B679FDE0029E215 /* LaunchScreen.xib in Resources */,
				4CE67B431B679FDE0029E215 /* Images.xcassets in Resources */,
			);
			runOnlyForDeploymentPostprocessing = 0;
		};
		4CE67B491B679FDE0029E215 /* Resources */ = {
			isa = PBXResourcesBuildPhase;
			buildActionMask = 2147483647;
			files = (
			);
			runOnlyForDeploymentPostprocessing = 0;
		};
/* End PBXResourcesBuildPhase section */

/* Begin PBXSourcesBuildPhase section */
		4CE67B321B679FDE0029E215 /* Sources */ = {
			isa = PBXSourcesBuildPhase;
			buildActionMask = 2147483647;
			files = (
				4CE67B3E1B679FDE0029E215 /* ViewController.swift in Sources */,
				4CE67B3C1B679FDE0029E215 /* AppDelegate.swift in Sources */,
			);
			runOnlyForDeploymentPostprocessing = 0;
		};
		4CE67B471B679FDE0029E215 /* Sources */ = {
			isa = PBXSourcesBuildPhase;
			buildActionMask = 2147483647;
			files = (
				4CE67B521B679FDE0029E215 /* another_TestTests.swift in Sources */,
			);
			runOnlyForDeploymentPostprocessing = 0;
		};
/* End PBXSourcesBuildPhase section */

/* Begin PBXTargetDependency section */
		4CE67B4D1B679FDE0029E215 /* PBXTargetDependency */ = {
			isa = PBXTargetDependency;
			target = 4CE67B351B679FDE0029E215 /* another_Test */;
			targetProxy = 4CE67B4C1B679FDE0029E215 /* PBXContainerItemProxy */;
		};
/* End PBXTargetDependency section */

/* Begin PBXVariantGroup section */
		4CE67B3F1B679FDE0029E215 /* Main.storyboard */ = {
			isa = PBXVariantGroup;
			children = (
				4CE67B401B679FDE0029E215 /* Base */,
			);
			name = Main.storyboard;
			sourceTree = "<group>";
		};
		4CE67B441B679FDE0029E215 /* LaunchScreen.xib */ = {
			isa = PBXVariantGroup;
			children = (
				4CE67B451B679FDE0029E215 /* Base */,
			);
			name = LaunchScreen.xib;
			sourceTree = "<group>";
		};
/* End PBXVariantGroup section */

/* Begin XCBuildConfiguration section */
		4CE67B531B679FDE0029E215 /* Debug */ = {
			isa = XCBuildConfiguration;
			buildSettings = {
				ALWAYS_SEARCH_USER_PATHS = NO;
				CLANG_CXX_LANGUAGE_STANDARD = "gnu++0x";
				CLANG_CXX_LIBRARY = "libc++";
				CLANG_ENABLE_MODULES = YES;
				CLANG_ENABLE_OBJC_ARC = YES;
				CLANG_WARN_BOOL_CONVERSION = YES;
				CLANG_WARN_CONSTANT_CONVERSION = YES;
				CLANG_WARN_DIRECT_OBJC_ISA_USAGE = YES_ERROR;
				CLANG_WARN_EMPTY_BODY = YES;
				CLANG_WARN_ENUM_CONVERSION = YES;
				CLANG_WARN_INT_CONVERSION = YES;
				CLANG_WARN_OBJC_ROOT_CLASS = YES_ERROR;
				CLANG_WARN_UNREACHABLE_CODE = YES;
				CLANG_WARN__DUPLICATE_METHOD_MATCH = YES;
				"CODE_SIGN_IDENTITY[sdk=iphoneos*]" = "iPhone Developer";
				COPY_PHASE_STRIP = NO;
				DEBUG_INFORMATION_FORMAT = "dwarf-with-dsym";
				ENABLE_STRICT_OBJC_MSGSEND = YES;
				GCC_C_LANGUAGE_STANDARD = gnu99;
				GCC_DYNAMIC_NO_PIC = NO;
				GCC_NO_COMMON_BLOCKS = YES;
				GCC_OPTIMIZATION_LEVEL = 0;
				GCC_PREPROCESSOR_DEFINITIONS = (
					"DEBUG=1",
					"$(inherited)",
				);
				GCC_SYMBOLS_PRIVATE_EXTERN = NO;
				GCC_WARN_64_TO_32_BIT_CONVERSION = YES;
				GCC_WARN_ABOUT_RETURN_TYPE = YES_ERROR;
				GCC_WARN_UNDECLARED_SELECTOR = YES;
				GCC_WARN_UNINITIALIZED_AUTOS = YES_AGGRESSIVE;
				GCC_WARN_UNUSED_FUNCTION = YES;
				GCC_WARN_UNUSED_VARIABLE = YES;
				IPHONEOS_DEPLOYMENT_TARGET = 8.4;
				MTL_ENABLE_DEBUG_INFO = YES;
				ONLY_ACTIVE_ARCH = YES;
				SDKROOT = iphoneos;
				SWIFT_OPTIMIZATION_LEVEL = "-Onone";
			};
			name = Debug;
		};
		4CE67B541B679FDE0029E215 /* Release */ = {
			isa = XCBuildConfiguration;
			buildSettings = {
				ALWAYS_SEARCH_USER_PATHS = NO;
				CLANG_CXX_LANGUAGE_STANDARD = "gnu++0x";
				CLANG_CXX_LIBRARY = "libc++";
				CLANG_ENABLE_MODULES = YES;
				CLANG_ENABLE_OBJC_ARC = YES;
				CLANG_WARN_BOOL_CONVERSION = YES;
				CLANG_WARN_CONSTANT_CONVERSION = YES;
				CLANG_WARN_DIRECT_OBJC_ISA_USAGE = YES_ERROR;
				CLANG_WARN_EMPTY_BODY = YES;
				CLANG_WARN_ENUM_CONVERSION = YES;
				CLANG_WARN_INT_CONVERSION = YES;
				CLANG_WARN_OBJC_ROOT_CLASS = YES_ERROR;
				CLANG_WARN_UNREACHABLE_CODE = YES;
				CLANG_WARN__DUPLICATE_METHOD_MATCH = YES;
				"CODE_SIGN_IDENTITY[sdk=iphoneos*]" = "iPhone Developer";
				COPY_PHASE_STRIP = NO;
				DEBUG_INFORMATION_FORMAT = "dwarf-with-dsym";
				ENABLE_NS_ASSERTIONS = NO;
				ENABLE_STRICT_OBJC_MSGSEND = YES;
				GCC_C_LANGUAGE_STANDARD = gnu99;
				GCC_NO_COMMON_BLOCKS = YES;
				GCC_WARN_64_TO_32_BIT_CONVERSION = YES;
				GCC_WARN_ABOUT_RETURN_TYPE = YES_ERROR;
				GCC_WARN_UNDECLARED_SELECTOR = YES;
				GCC_WARN_UNINITIALIZED_AUTOS = YES_AGGRESSIVE;
				GCC_WARN_UNUSED_FUNCTION = YES;
				GCC_WARN_UNUSED_VARIABLE = YES;
				IPHONEOS_DEPLOYMENT_TARGET = 8.4;
				MTL_ENABLE_DEBUG_INFO = NO;
				SDKROOT = iphoneos;
				VALIDATE_PRODUCT = YES;
			};
			name = Release;
		};
		4CE67B561B679FDE0029E215 /* Debug */ = {
			isa = XCBuildConfiguration;
			buildSettings = {
				ASSETCATALOG_COMPILER_APPICON_NAME = AppIcon;
				INFOPLIST_FILE = another_Test/Info.plist;
				LD_RUNPATH_SEARCH_PATHS = "$(inherited) @executable_path/Frameworks";
				PRODUCT_NAME = "$(TARGET_NAME)";
			};
			name = Debug;
		};
		4CE67B571B679FDE0029E215 /* Release */ = {
			isa = XCBuildConfiguration;
			buildSettings = {
				ASSETCATALOG_COMPILER_APPICON_NAME = AppIcon;
				INFOPLIST_FILE = another_Test/Info.plist;
				LD_RUNPATH_SEARCH_PATHS = "$(inherited) @executable_path/Frameworks";
				PRODUCT_NAME = "$(TARGET_NAME)";
			};
			name = Release;
		};
		4CE67B591B679FDE0029E215 /* Debug */ = {
			isa = XCBuildConfiguration;
			buildSettings = {
				BUNDLE_LOADER = "$(TEST_HOST)";
				FRAMEWORK_SEARCH_PATHS = (
					"$(SDKROOT)/Developer/Library/Frameworks",
					"$(inherited)",
				);
				GCC_PREPROCESSOR_DEFINITIONS = (
					"DEBUG=1",
					"$(inherited)",
				);
				INFOPLIST_FILE = another_TestTests/Info.plist;
				LD_RUNPATH_SEARCH_PATHS = "$(inherited) @executable_path/Frameworks @loader_path/Frameworks";
				PRODUCT_NAME = "$(TARGET_NAME)";
				TEST_HOST = "$(BUILT_PRODUCTS_DIR)/another_Test.app/another_Test";
			};
			name = Debug;
		};
		4CE67B5A1B679FDE0029E215 /* Release */ = {
			isa = XCBuildConfiguration;
			buildSettings = {
				BUNDLE_LOADER = "$(TEST_HOST)";
				FRAMEWORK_SEARCH_PATHS = (
					"$(SDKROOT)/Developer/Library/Frameworks",
					"$(inherited)",
				);
				INFOPLIST_FILE = another_TestTests/Info.plist;
				LD_RUNPATH_SEARCH_PATHS = "$(inherited) @executable_path/Frameworks @loader_path/Frameworks";
				PRODUCT_NAME = "$(TARGET_NAME)";
				TEST_HOST = "$(BUILT_PRODUCTS_DIR)/another_Test.app/another_Test";
			};
			name = Release;
		};
/* End XCBuildConfiguration section */

/* Begin XCConfigurationList section */
		4CE67B311B679FDE0029E215 /* Build configuration list for PBXProject "another_Test" */ = {
			isa = XCConfigurationList;
			buildConfigurations = (
				4CE67B531B679FDE0029E215 /* Debug */,
				4CE67B541B679FDE0029E215 /* Release */,
			);
			defaultConfigurationIsVisible = 0;
			defaultConfigurationName = Release;
		};
		4CE67B551B679FDE0029E215 /* Build configuration list for PBXNativeTarget "another_Test" */ = {
			isa = XCConfigurationList;
			buildConfigurations = (
				4CE67B561B679FDE0029E215 /* Debug */,
				4CE67B571B679FDE0029E215 /* Release */,
			);
			defaultConfigurationIsVisible = 0;
		};
		4CE67B581B679FDE0029E215 /* Build configuration list for PBXNativeTarget "another_TestTests" */ = {
			isa = XCConfigurationList;
			buildConfigurations = (
				4CE67B591B679FDE0029E215 /* Debug */,
				4CE67B5A1B679FDE0029E215 /* Release */,
			);
			defaultConfigurationIsVisible = 0;
		};
/* End XCConfigurationList section */
	};
	rootObject = 4CE67B2E1B679FDE0029E215 /* Project object */;
}
